
Microsoft Visual Studio Solution File, Format Version 12.00
# Visual Studio Version 17
VisualStudioVersion = 17.7.34031.279
MinimumVisualStudioVersion = 10.0.40219.1
Project("{FAE04EC0-301F-11D3-BF4B-00C04F79EFBC}") = "DreamVault_API", "DreamVault_API\DreamVault_API.csproj", "{F979E45C-E1A1-4017-A688-9F6823678BF8}"
EndProject
Global
	GlobalSection(SolutionConfigurationPlatforms) = preSolution
		Debug|Any CPU = Debug|Any CPU
		Release|Any CPU = Release|Any CPU
	EndGlobalSection
	GlobalSection(ProjectConfigurationPlatforms) = postSolution
		{F979E45C-E1A1-4017-A688-9F6823678BF8}.Debug|Any CPU.ActiveCfg = Debug|Any CPU
		{F979E45C-E1A1-4017-A688-9F6823678BF8}.Debug|Any CPU.Build.0 = Debug|Any CPU
		{F979E45C-E1A1-4017-A688-9F6823678BF8}.Release|Any CPU.ActiveCfg = Release|Any CPU
		{F979E45C-E1A1-4017-A688-9F6823678BF8}.Release|Any CPU.Build.0 = Release|Any CPU
	EndGlobalSection
	GlobalSection(SolutionProperties) = preSolution
		HideSolutionNode = FALSE
	EndGlobalSection
	GlobalSection(ExtensibilityGlobals) = postSolution
		SolutionGuid = {EBB71825-DC03-47F1-9510-2D10D1ACDF58}
	EndGlobalSection
EndGlobal
